
Microsoft Visual Studio Solution File, Format Version 12.00
# Visual Studio Version 16
VisualStudioVersion = 16.0.31911.196
MinimumVisualStudioVersion = 10.0.40219.1
Project("{FAE04EC0-301F-11D3-BF4B-00C04F79EFBC}") = "Lab14", "Lab14.1\Lab14.csproj", "{3D961866-9FB5-4023-B408-DC5D44DAB8FF}"
EndProject
Global
	GlobalSection(SolutionConfigurationPlatforms) = preSolution
		Debug|Any CPU = Debug|Any CPU
		Release|Any CPU = Release|Any CPU
	EndGlobalSection
	GlobalSection(ProjectConfigurationPlatforms) = postSolution
		{3D961866-9FB5-4023-B408-DC5D44DAB8FF}.Debug|Any CPU.ActiveCfg = Debug|Any CPU
		{3D961866-9FB5-4023-B408-DC5D44DAB8FF}.Debug|Any CPU.Build.0 = Debug|Any CPU
		{3D961866-9FB5-4023-B408-DC5D44DAB8FF}.Release|Any CPU.ActiveCfg = Release|Any CPU
		{3D961866-9FB5-4023-B408-DC5D44DAB8FF}.Release|Any CPU.Build.0 = Release|Any CPU
	EndGlobalSection
	GlobalSection(SolutionProperties) = preSolution
		HideSolutionNode = FALSE
	EndGlobalSection
	GlobalSection(ExtensibilityGlobals) = postSolution
		SolutionGuid = {457284CA-6859-4B76-BA82-32B7DF05B3A5}
	EndGlobalSection
EndGlobal
